PODS:
  - Alamofire (4.8.2)
  - AlamofireImage (3.5.0):
    - Alamofire (~> 4.8)
  - NVActivityIndicatorView (4.7.0):
    - NVActivityIndicatorView/Presenter (= 4.7.0)
  - NVActivityIndicatorView/Presenter (4.7.0)
  - PromiseKit (6.7.1):
    - PromiseKit/CorePromise (= 6.7.1)
    - PromiseKit/Foundation (= 6.7.1)
    - PromiseKit/UIKit (= 6.7.1)
  - PromiseKit/CorePromise (6.7.1)
  - PromiseKit/Foundation (6.7.1):
    - PromiseKit/CorePromise
  - PromiseKit/UIKit (6.7.1):
    - PromiseKit/CorePromise
  - SwiftLint (0.33.1)
  - SwiftyBeaver (1.7.0)

DEPENDENCIES:
  - Alamofire (= 4.8.2)
  - AlamofireImage (= 3.5.0)
  - NVActivityIndicatorView (= 4.7.0)
  - PromiseKit (= 6.7.1)
  - SwiftLint
  - SwiftyBeaver (= 1.7.0)

SPEC REPOS:
  https://github.com/cocoapods/specs.git:
    - Alamofire
    - AlamofireImage
    - NVActivityIndicatorView
    - PromiseKit
    - SwiftLint
    - SwiftyBeaver

SPEC CHECKSUMS:
  Alamofire: ae5c501addb7afdbb13687d7f2f722c78734c2d3
  AlamofireImage: 1aea346f4dda2f6c67622fa5a89fcbb80d79cc16
  NVActivityIndicatorView: b19ddab2576f805cbe0fb2306cba3476e09a1dea
  PromiseKit: ef376fb8b4e92edfeb66bd403b983eaa07fbde0c
  SwiftLint: 9fc1143bbacec37f94994a7d0d2a85b2154b6294
  SwiftyBeaver: 4cc0080d2e23f980652e28978db11a5c9da39165

PODFILE CHECKSUM: 3e014d4d6ce5d3b3420ac6d82c1e0d5048eebecc

COCOAPODS: 1.7.3
