// !$*UTF8*$!
{
	archiveVersion = 1;
	classes = {
	};
	objectVersion = 51;
	objects = {

/* Begin PBXBuildFile section */
		2C3EE6C922D4A72D007042FA /* DateFormatterExtensions.swift in Sources */ = {isa = PBXBuildFile; fileRef = 2C3EE6C822D4A72D007042FA /* DateFormatterExtensions.swift */; };
		2C3EE6CB22D4A8F4007042FA /* UIImageViewExtensions.swift in Sources */ = {isa = PBXBuildFile; fileRef = 2C3EE6CA22D4A8F4007042FA /* UIImageViewExtensions.swift */; };
		2C835F1522D3E5CC00BA4F3E /* Assets.xcassets in Resources */ = {isa = PBXBuildFile; fileRef = 2C835F1422D3E5CC00BA4F3E /* Assets.xcassets */; };
		2C835F1A22D3E5FD00BA4F3E /* LaunchScreen.storyboard in Resources */ = {isa = PBXBuildFile; fileRef = 2C835F1622D3E5FD00BA4F3E /* LaunchScreen.storyboard */; };
		2C835F1B22D3E5FD00BA4F3E /* Main.storyboard in Resources */ = {isa = PBXBuildFile; fileRef = 2C835F1822D3E5FD00BA4F3E /* Main.storyboard */; };
		2C835F1F22D3E97F00BA4F3E /* Utils.swift in Sources */ = {isa = PBXBuildFile; fileRef = 2C835F1E22D3E97F00BA4F3E /* Utils.swift */; };
		2C835F2122D3EA3000BA4F3E /* MappableObject.swift in Sources */ = {isa = PBXBuildFile; fileRef = 2C835F2022D3EA3000BA4F3E /* MappableObject.swift */; };
		2C835F2322D3EA8800BA4F3E /* ServiceManager.swift in Sources */ = {isa = PBXBuildFile; fileRef = 2C835F2222D3EA8800BA4F3E /* ServiceManager.swift */; };
		2C835F2922D3EBB800BA4F3E /* MasterViewController.swift in Sources */ = {isa = PBXBuildFile; fileRef = 2C835F2822D3EBB800BA4F3E /* MasterViewController.swift */; };
		2C835F2B22D3EBC500BA4F3E /* DetailViewController.swift in Sources */ = {isa = PBXBuildFile; fileRef = 2C835F2A22D3EBC500BA4F3E /* DetailViewController.swift */; };
		2C835F2D22D3EC5B00BA4F3E /* ArticleTableViewCell.swift in Sources */ = {isa = PBXBuildFile; fileRef = 2C835F2C22D3EC5B00BA4F3E /* ArticleTableViewCell.swift */; };
		2C835F2F22D3ED6500BA4F3E /* MostViewedAPI.swift in Sources */ = {isa = PBXBuildFile; fileRef = 2C835F2E22D3ED6500BA4F3E /* MostViewedAPI.swift */; };
		2C835F3122D3EE1200BA4F3E /* Article.swift in Sources */ = {isa = PBXBuildFile; fileRef = 2C835F3022D3EE1200BA4F3E /* Article.swift */; };
		2C835F3422D3F0A100BA4F3E /* DequeueReusable.swift in Sources */ = {isa = PBXBuildFile; fileRef = 2C835F3322D3F0A100BA4F3E /* DequeueReusable.swift */; };
		2C835F3822D3F10000BA4F3E /* UIResponderExtensions.swift in Sources */ = {isa = PBXBuildFile; fileRef = 2C835F3722D3F10000BA4F3E /* UIResponderExtensions.swift */; };
		2C835F3A22D3F40500BA4F3E /* Requestable.swift in Sources */ = {isa = PBXBuildFile; fileRef = 2C835F3922D3F40500BA4F3E /* Requestable.swift */; };
		2C835F3C22D3F5F800BA4F3E /* AlamofireRequestExtensions.swift in Sources */ = {isa = PBXBuildFile; fileRef = 2C835F3B22D3F5F800BA4F3E /* AlamofireRequestExtensions.swift */; };
		2C835F3E22D3F9BA00BA4F3E /* NYError.swift in Sources */ = {isa = PBXBuildFile; fileRef = 2C835F3D22D3F9BA00BA4F3E /* NYError.swift */; };
		2CF1837122D3DC98006E612D /* AppDelegate.swift in Sources */ = {isa = PBXBuildFile; fileRef = 2CF1837022D3DC98006E612D /* AppDelegate.swift */; };
		2CF1838622D3DC9A006E612D /* NYTimesTests.swift in Sources */ = {isa = PBXBuildFile; fileRef = 2CF1838522D3DC9A006E612D /* NYTimesTests.swift */; };
		6C2853BDC0C908FEDF2E06C6 /* Pods_NYTimes.framework in Frameworks */ = {isa = PBXBuildFile; fileRef = E23254FC862832A3ACDA50D4 /* Pods_NYTimes.framework */; };
		780636957190B769F5CDDF57 /* Pods_NYTimesTests.framework in Frameworks */ = {isa = PBXBuildFile; fileRef = 6387FBAB74515E45FDBEDD8D /* Pods_NYTimesTests.framework */; };
/* End PBXBuildFile section */

/* Begin PBXContainerItemProxy section */
		2CF1838222D3DC9A006E612D /* PBXContainerItemProxy */ = {
			isa = PBXContainerItemProxy;
			containerPortal = 2CF1836522D3DC98006E612D /* Project object */;
			proxyType = 1;
			remoteGlobalIDString = 2CF1836C22D3DC98006E612D;
			remoteInfo = NYTimes;
		};
/* End PBXContainerItemProxy section */

/* Begin PBXFileReference section */
		19157750A1F5C547EAEE5918 /* Pods-NYTimes.release.xcconfig */ = {isa = PBXFileReference; includeInIndex = 1; lastKnownFileType = text.xcconfig; name = "Pods-NYTimes.release.xcconfig"; path = "Target Support Files/Pods-NYTimes/Pods-NYTimes.release.xcconfig"; sourceTree = "<group>"; };
		2C3EE6C822D4A72D007042FA /* DateFormatterExtensions.swift */ = {isa = PBXFileReference; lastKnownFileType = sourcecode.swift; path = DateFormatterExtensions.swift; sourceTree = "<group>"; };
		2C3EE6CA22D4A8F4007042FA /* UIImageViewExtensions.swift */ = {isa = PBXFileReference; lastKnownFileType = sourcecode.swift; path = UIImageViewExtensions.swift; sourceTree = "<group>"; };
		2C835F1222D3E5A700BA4F3E /* Info.plist */ = {isa = PBXFileReference; fileEncoding = 4; lastKnownFileType = text.plist.xml; path = Info.plist; sourceTree = "<group>"; };
		2C835F1422D3E5CC00BA4F3E /* Assets.xcassets */ = {isa = PBXFileReference; lastKnownFileType = folder.assetcatalog; path = Assets.xcassets; sourceTree = "<group>"; };
		2C835F1722D3E5FD00BA4F3E /* Base */ = {isa = PBXFileReference; lastKnownFileType = file.storyboard; name = Base; path = Base.lproj/LaunchScreen.storyboard; sourceTree = "<group>"; };
		2C835F1922D3E5FD00BA4F3E /* Base */ = {isa = PBXFileReference; lastKnownFileType = file.storyboard; name = Base; path = Base.lproj/Main.storyboard; sourceTree = "<group>"; };
		2C835F1E22D3E97F00BA4F3E /* Utils.swift */ = {isa = PBXFileReference; lastKnownFileType = sourcecode.swift; path = Utils.swift; sourceTree = "<group>"; };
		2C835F2022D3EA3000BA4F3E /* MappableObject.swift */ = {isa = PBXFileReference; lastKnownFileType = sourcecode.swift; path = MappableObject.swift; sourceTree = "<group>"; };
		2C835F2222D3EA8800BA4F3E /* ServiceManager.swift */ = {isa = PBXFileReference; lastKnownFileType = sourcecode.swift; path = ServiceManager.swift; sourceTree = "<group>"; };
		2C835F2822D3EBB800BA4F3E /* MasterViewController.swift */ = {isa = PBXFileReference; lastKnownFileType = sourcecode.swift; path = MasterViewController.swift; sourceTree = "<group>"; };
		2C835F2A22D3EBC500BA4F3E /* DetailViewController.swift */ = {isa = PBXFileReference; lastKnownFileType = sourcecode.swift; path = DetailViewController.swift; sourceTree = "<group>"; };
		2C835F2C22D3EC5B00BA4F3E /* ArticleTableViewCell.swift */ = {isa = PBXFileReference; lastKnownFileType = sourcecode.swift; path = ArticleTableViewCell.swift; sourceTree = "<group>"; };
		2C835F2E22D3ED6500BA4F3E /* MostViewedAPI.swift */ = {isa = PBXFileReference; lastKnownFileType = sourcecode.swift; path = MostViewedAPI.swift; sourceTree = "<group>"; };
		2C835F3022D3EE1200BA4F3E /* Article.swift */ = {isa = PBXFileReference; lastKnownFileType = sourcecode.swift; path = Article.swift; sourceTree = "<group>"; };
		2C835F3322D3F0A100BA4F3E /* DequeueReusable.swift */ = {isa = PBXFileReference; lastKnownFileType = sourcecode.swift; path = DequeueReusable.swift; sourceTree = "<group>"; };
		2C835F3722D3F10000BA4F3E /* UIResponderExtensions.swift */ = {isa = PBXFileReference; lastKnownFileType = sourcecode.swift; path = UIResponderExtensions.swift; sourceTree = "<group>"; };
		2C835F3922D3F40500BA4F3E /* Requestable.swift */ = {isa = PBXFileReference; lastKnownFileType = sourcecode.swift; path = Requestable.swift; sourceTree = "<group>"; };
		2C835F3B22D3F5F800BA4F3E /* AlamofireRequestExtensions.swift */ = {isa = PBXFileReference; lastKnownFileType = sourcecode.swift; path = AlamofireRequestExtensions.swift; sourceTree = "<group>"; };
		2C835F3D22D3F9BA00BA4F3E /* NYError.swift */ = {isa = PBXFileReference; lastKnownFileType = sourcecode.swift; path = NYError.swift; sourceTree = "<group>"; };
		2CF1836D22D3DC98006E612D /* NYTimes.app */ = {isa = PBXFileReference; explicitFileType = wrapper.application; includeInIndex = 0; path = NYTimes.app; sourceTree = BUILT_PRODUCTS_DIR; };
		2CF1837022D3DC98006E612D /* AppDelegate.swift */ = {isa = PBXFileReference; lastKnownFileType = sourcecode.swift; path = AppDelegate.swift; sourceTree = "<group>"; };
		2CF1838122D3DC9A006E612D /* NYTimesTests.xctest */ = {isa = PBXFileReference; explicitFileType = wrapper.cfbundle; includeInIndex = 0; path = NYTimesTests.xctest; sourceTree = BUILT_PRODUCTS_DIR; };
		2CF1838522D3DC9A006E612D /* NYTimesTests.swift */ = {isa = PBXFileReference; lastKnownFileType = sourcecode.swift; path = NYTimesTests.swift; sourceTree = "<group>"; };
		2CF1838722D3DC9A006E612D /* Info.plist */ = {isa = PBXFileReference; lastKnownFileType = text.plist.xml; path = Info.plist; sourceTree = "<group>"; };
		6387FBAB74515E45FDBEDD8D /* Pods_NYTimesTests.framework */ = {isa = PBXFileReference; explicitFileType = wrapper.framework; includeInIndex = 0; path = Pods_NYTimesTests.framework; sourceTree = BUILT_PRODUCTS_DIR; };
		8C4FDE571795769755052FD9 /* Pods-NYTimesTests.release.xcconfig */ = {isa = PBXFileReference; includeInIndex = 1; lastKnownFileType = text.xcconfig; name = "Pods-NYTimesTests.release.xcconfig"; path = "Target Support Files/Pods-NYTimesTests/Pods-NYTimesTests.release.xcconfig"; sourceTree = "<group>"; };
		A1B88EDC8E01927A8EA121C1 /* Pods-NYTimesTests.debug.xcconfig */ = {isa = PBXFileReference; includeInIndex = 1; lastKnownFileType = text.xcconfig; name = "Pods-NYTimesTests.debug.xcconfig"; path = "Target Support Files/Pods-NYTimesTests/Pods-NYTimesTests.debug.xcconfig"; sourceTree = "<group>"; };
		A4382BE098616A6BD08E1265 /* Pods-NYTimes.debug.xcconfig */ = {isa = PBXFileReference; includeInIndex = 1; lastKnownFileType = text.xcconfig; name = "Pods-NYTimes.debug.xcconfig"; path = "Target Support Files/Pods-NYTimes/Pods-NYTimes.debug.xcconfig"; sourceTree = "<group>"; };
		E23254FC862832A3ACDA50D4 /* Pods_NYTimes.framework */ = {isa = PBXFileReference; explicitFileType = wrapper.framework; includeInIndex = 0; path = Pods_NYTimes.framework; sourceTree = BUILT_PRODUCTS_DIR; };
/* End PBXFileReference section */

/* Begin PBXFrameworksBuildPhase section */
		2CF1836A22D3DC98006E612D /* Frameworks */ = {
			isa = PBXFrameworksBuildPhase;
			buildActionMask = 2147483647;
			files = (
				6C2853BDC0C908FEDF2E06C6 /* Pods_NYTimes.framework in Frameworks */,
			);
			runOnlyForDeploymentPostprocessing = 0;
		};
		2CF1837E22D3DC9A006E612D /* Frameworks */ = {
			isa = PBXFrameworksBuildPhase;
			buildActionMask = 2147483647;
			files = (
				780636957190B769F5CDDF57 /* Pods_NYTimesTests.framework in Frameworks */,
			);
			runOnlyForDeploymentPostprocessing = 0;
		};
/* End PBXFrameworksBuildPhase section */

/* Begin PBXGroup section */
		2C835F0722D3E49A00BA4F3E /* Utilities */ = {
			isa = PBXGroup;
			children = (
				2C835F1E22D3E97F00BA4F3E /* Utils.swift */,
			);
			path = Utilities;
			sourceTree = "<group>";
		};
		2C835F0822D3E4A600BA4F3E /* Managers */ = {
			isa = PBXGroup;
			children = (
				2C835F2222D3EA8800BA4F3E /* ServiceManager.swift */,
				2C835F3922D3F40500BA4F3E /* Requestable.swift */,
				2C835F3B22D3F5F800BA4F3E /* AlamofireRequestExtensions.swift */,
			);
			path = Managers;
			sourceTree = "<group>";
		};
		2C835F0922D3E4AD00BA4F3E /* Models */ = {
			isa = PBXGroup;
			children = (
				2C835F2022D3EA3000BA4F3E /* MappableObject.swift */,
				2C835F3022D3EE1200BA4F3E /* Article.swift */,
			);
			path = Models;
			sourceTree = "<group>";
		};
		2C835F0B22D3E4F800BA4F3E /* Views */ = {
			isa = PBXGroup;
			children = (
				2C835F2C22D3EC5B00BA4F3E /* ArticleTableViewCell.swift */,
			);
			path = Views;
			sourceTree = "<group>";
		};
		2C835F0C22D3E50D00BA4F3E /* Controllers */ = {
			isa = PBXGroup;
			children = (
				2C835F2822D3EBB800BA4F3E /* MasterViewController.swift */,
				2C835F2A22D3EBC500BA4F3E /* DetailViewController.swift */,
			);
			path = Controllers;
			sourceTree = "<group>";
		};
		2C835F0D22D3E51800BA4F3E /* Storyboards */ = {
			isa = PBXGroup;
			children = (
				2C835F1622D3E5FD00BA4F3E /* LaunchScreen.storyboard */,
				2C835F1822D3E5FD00BA4F3E /* Main.storyboard */,
			);
			path = Storyboards;
			sourceTree = "<group>";
		};
		2C835F0E22D3E55100BA4F3E /* APIs */ = {
			isa = PBXGroup;
			children = (
				2C835F2E22D3ED6500BA4F3E /* MostViewedAPI.swift */,
			);
			name = APIs;
			path = NYTimes/APIs;
			sourceTree = SOURCE_ROOT;
		};
		2C835F0F22D3E56A00BA4F3E /* Supporting Files */ = {
			isa = PBXGroup;
			children = (
				2C835F1422D3E5CC00BA4F3E /* Assets.xcassets */,
				2C835F1222D3E5A700BA4F3E /* Info.plist */,
			);
			path = "Supporting Files";
			sourceTree = "<group>";
		};
		2C835F3222D3F08500BA4F3E /* Protocols */ = {
			isa = PBXGroup;
			children = (
				2C835F3322D3F0A100BA4F3E /* DequeueReusable.swift */,
				2C835F3D22D3F9BA00BA4F3E /* NYError.swift */,
			);
			path = Protocols;
			sourceTree = "<group>";
		};
		2C835F3522D3F0DA00BA4F3E /* Extensions */ = {
			isa = PBXGroup;
			children = (
				2C835F3722D3F10000BA4F3E /* UIResponderExtensions.swift */,
				2C3EE6C822D4A72D007042FA /* DateFormatterExtensions.swift */,
				2C3EE6CA22D4A8F4007042FA /* UIImageViewExtensions.swift */,
			);
			path = Extensions;
			sourceTree = "<group>";
		};
		2CF1836422D3DC98006E612D = {
			isa = PBXGroup;
			children = (
				2CF1836F22D3DC98006E612D /* NYTimes */,
				2CF1838422D3DC9A006E612D /* NYTimesTests */,
				2CF1836E22D3DC98006E612D /* Products */,
				DB820A8FC7AA192382521C5B /* Pods */,
				36C98784087CEF2E666F0C7A /* Frameworks */,
			);
			sourceTree = "<group>";
		};
		2CF1836E22D3DC98006E612D /* Products */ = {
			isa = PBXGroup;
			children = (
				2CF1836D22D3DC98006E612D /* NYTimes.app */,
				2CF1838122D3DC9A006E612D /* NYTimesTests.xctest */,
			);
			name = Products;
			sourceTree = "<group>";
		};
		2CF1836F22D3DC98006E612D /* NYTimes */ = {
			isa = PBXGroup;
			children = (
				2CF1837022D3DC98006E612D /* AppDelegate.swift */,
				2C835F0722D3E49A00BA4F3E /* Utilities */,
				2C835F0822D3E4A600BA4F3E /* Managers */,
				2C835F3222D3F08500BA4F3E /* Protocols */,
				2C835F3522D3F0DA00BA4F3E /* Extensions */,
				2C835F0922D3E4AD00BA4F3E /* Models */,
				2C835F0B22D3E4F800BA4F3E /* Views */,
				2C835F0C22D3E50D00BA4F3E /* Controllers */,
				2C835F0E22D3E55100BA4F3E /* APIs */,
				2C835F0D22D3E51800BA4F3E /* Storyboards */,
				2C835F0F22D3E56A00BA4F3E /* Supporting Files */,
			);
			path = NYTimes;
			sourceTree = "<group>";
		};
		2CF1838422D3DC9A006E612D /* NYTimesTests */ = {
			isa = PBXGroup;
			children = (
				2CF1838522D3DC9A006E612D /* NYTimesTests.swift */,
				2CF1838722D3DC9A006E612D /* Info.plist */,
			);
			path = NYTimesTests;
			sourceTree = "<group>";
		};
		36C98784087CEF2E666F0C7A /* Frameworks */ = {
			isa = PBXGroup;
			children = (
				E23254FC862832A3ACDA50D4 /* Pods_NYTimes.framework */,
				6387FBAB74515E45FDBEDD8D /* Pods_NYTimesTests.framework */,
			);
			name = Frameworks;
			sourceTree = "<group>";
		};
		DB820A8FC7AA192382521C5B /* Pods */ = {
			isa = PBXGroup;
			children = (
				A4382BE098616A6BD08E1265 /* Pods-NYTimes.debug.xcconfig */,
				19157750A1F5C547EAEE5918 /* Pods-NYTimes.release.xcconfig */,
				A1B88EDC8E01927A8EA121C1 /* Pods-NYTimesTests.debug.xcconfig */,
				8C4FDE571795769755052FD9 /* Pods-NYTimesTests.release.xcconfig */,
			);
			path = Pods;
			sourceTree = "<group>";
		};
/* End PBXGroup section */

/* Begin PBXNativeTarget section */
		2CF1836C22D3DC98006E612D /* NYTimes */ = {
			isa = PBXNativeTarget;
			buildConfigurationList = 2CF1838A22D3DC9A006E612D /* Build configuration list for PBXNativeTarget "NYTimes" */;
			buildPhases = (
				C3502140B83D9E763DBF3B01 /* [CP] Check Pods Manifest.lock */,
				2CF1836922D3DC98006E612D /* Sources */,
				2CF1836A22D3DC98006E612D /* Frameworks */,
				2CF1836B22D3DC98006E612D /* Resources */,
				BA03A0E47663B4B056A37F0F /* [CP] Embed Pods Frameworks */,
			);
			buildRules = (
			);
			dependencies = (
			);
			name = NYTimes;
			productName = NYTimes;
			productReference = 2CF1836D22D3DC98006E612D /* NYTimes.app */;
			productType = "com.apple.product-type.application";
		};
		2CF1838022D3DC9A006E612D /* NYTimesTests */ = {
			isa = PBXNativeTarget;
			buildConfigurationList = 2CF1838D22D3DC9A006E612D /* Build configuration list for PBXNativeTarget "NYTimesTests" */;
			buildPhases = (
				6219A94180DF269B1C47A575 /* [CP] Check Pods Manifest.lock */,
				2CF1837D22D3DC9A006E612D /* Sources */,
				2CF1837E22D3DC9A006E612D /* Frameworks */,
				2CF1837F22D3DC9A006E612D /* Resources */,
			);
			buildRules = (
			);
			dependencies = (
				2CF1838322D3DC9A006E612D /* PBXTargetDependency */,
			);
			name = NYTimesTests;
			productName = NYTimesTests;
			productReference = 2CF1838122D3DC9A006E612D /* NYTimesTests.xctest */;
			productType = "com.apple.product-type.bundle.unit-test";
		};
/* End PBXNativeTarget section */

/* Begin PBXProject section */
		2CF1836522D3DC98006E612D /* Project object */ = {
			isa = PBXProject;
			attributes = {
				LastSwiftUpdateCheck = 1020;
				LastUpgradeCheck = 1020;
				ORGANIZATIONNAME = Sanu;
				TargetAttributes = {
					2CF1836C22D3DC98006E612D = {
						CreatedOnToolsVersion = 10.2.1;
					};
					2CF1838022D3DC9A006E612D = {
						CreatedOnToolsVersion = 10.2.1;
						TestTargetID = 2CF1836C22D3DC98006E612D;
					};
				};
			};
			buildConfigurationList = 2CF1836822D3DC98006E612D /* Build configuration list for PBXProject "NYTimes" */;
			compatibilityVersion = "Xcode 9.3";
			developmentRegion = en;
			hasScannedForEncodings = 0;
			knownRegions = (
				en,
				Base,
			);
			mainGroup = 2CF1836422D3DC98006E612D;
			productRefGroup = 2CF1836E22D3DC98006E612D /* Products */;
			projectDirPath = "";
			projectRoot = "";
			targets = (
				2CF1836C22D3DC98006E612D /* NYTimes */,
				2CF1838022D3DC9A006E612D /* NYTimesTests */,
			);
		};
/* End PBXProject section */

/* Begin PBXResourcesBuildPhase section */
		2CF1836B22D3DC98006E612D /* Resources */ = {
			isa = PBXResourcesBuildPhase;
			buildActionMask = 2147483647;
			files = (
				2C835F1A22D3E5FD00BA4F3E /* LaunchScreen.storyboard in Resources */,
				2C835F1522D3E5CC00BA4F3E /* Assets.xcassets in Resources */,
				2C835F1B22D3E5FD00BA4F3E /* Main.storyboard in Resources */,
			);
			runOnlyForDeploymentPostprocessing = 0;
		};
		2CF1837F22D3DC9A006E612D /* Resources */ = {
			isa = PBXResourcesBuildPhase;
			buildActionMask = 2147483647;
			files = (
			);
			runOnlyForDeploymentPostprocessing = 0;
		};
/* End PBXResourcesBuildPhase section */

/* Begin PBXShellScriptBuildPhase section */
		6219A94180DF269B1C47A575 /* [CP] Check Pods Manifest.lock */ = {
			isa = PBXShellScriptBuildPhase;
			buildActionMask = 2147483647;
			files = (
			);
			inputFileListPaths = (
			);
			inputPaths = (
				"${PODS_PODFILE_DIR_PATH}/Podfile.lock",
				"${PODS_ROOT}/Manifest.lock",
			);
			name = "[CP] Check Pods Manifest.lock";
			outputFileListPaths = (
			);
			outputPaths = (
				"$(DERIVED_FILE_DIR)/Pods-NYTimesTests-checkManifestLockResult.txt",
			);
			runOnlyForDeploymentPostprocessing = 0;
			shellPath = /bin/sh;
			shellScript = "diff \"${PODS_PODFILE_DIR_PATH}/Podfile.lock\" \"${PODS_ROOT}/Manifest.lock\" > /dev/null\nif [ $? != 0 ] ; then\n    # print error to STDERR\n    echo \"error: The sandbox is not in sync with the Podfile.lock. Run 'pod install' or update your CocoaPods installation.\" >&2\n    exit 1\nfi\n# This output is used by Xcode 'outputs' to avoid re-running this script phase.\necho \"SUCCESS\" > \"${SCRIPT_OUTPUT_FILE_0}\"\n";
			showEnvVarsInLog = 0;
		};
		BA03A0E47663B4B056A37F0F /* [CP] Embed Pods Frameworks */ = {
			isa = PBXShellScriptBuildPhase;
			buildActionMask = 2147483647;
			files = (
			);
			inputFileListPaths = (
				"${PODS_ROOT}/Target Support Files/Pods-NYTimes/Pods-NYTimes-frameworks-${CONFIGURATION}-input-files.xcfilelist",
			);
			name = "[CP] Embed Pods Frameworks";
			outputFileListPaths = (
				"${PODS_ROOT}/Target Support Files/Pods-NYTimes/Pods-NYTimes-frameworks-${CONFIGURATION}-output-files.xcfilelist",
			);
			runOnlyForDeploymentPostprocessing = 0;
			shellPath = /bin/sh;
			shellScript = "\"${PODS_ROOT}/Target Support Files/Pods-NYTimes/Pods-NYTimes-frameworks.sh\"\n";
			showEnvVarsInLog = 0;
		};
		C3502140B83D9E763DBF3B01 /* [CP] Check Pods Manifest.lock */ = {
			isa = PBXShellScriptBuildPhase;
			buildActionMask = 2147483647;
			files = (
			);
			inputFileListPaths = (
			);
			inputPaths = (
				"${PODS_PODFILE_DIR_PATH}/Podfile.lock",
				"${PODS_ROOT}/Manifest.lock",
			);
			name = "[CP] Check Pods Manifest.lock";
			outputFileListPaths = (
			);
			outputPaths = (
				"$(DERIVED_FILE_DIR)/Pods-NYTimes-checkManifestLockResult.txt",
			);
			runOnlyForDeploymentPostprocessing = 0;
			shellPath = /bin/sh;
			shellScript = "diff \"${PODS_PODFILE_DIR_PATH}/Podfile.lock\" \"${PODS_ROOT}/Manifest.lock\" > /dev/null\nif [ $? != 0 ] ; then\n    # print error to STDERR\n    echo \"error: The sandbox is not in sync with the Podfile.lock. Run 'pod install' or update your CocoaPods installation.\" >&2\n    exit 1\nfi\n# This output is used by Xcode 'outputs' to avoid re-running this script phase.\necho \"SUCCESS\" > \"${SCRIPT_OUTPUT_FILE_0}\"\n";
			showEnvVarsInLog = 0;
		};
/* End PBXShellScriptBuildPhase section */

/* Begin PBXSourcesBuildPhase section */
		2CF1836922D3DC98006E612D /* Sources */ = {
			isa = PBXSourcesBuildPhase;
			buildActionMask = 2147483647;
			files = (
				2C835F2922D3EBB800BA4F3E /* MasterViewController.swift in Sources */,
				2C3EE6C922D4A72D007042FA /* DateFormatterExtensions.swift in Sources */,
				2C3EE6CB22D4A8F4007042FA /* UIImageViewExtensions.swift in Sources */,
				2C835F2122D3EA3000BA4F3E /* MappableObject.swift in Sources */,
				2C835F3C22D3F5F800BA4F3E /* AlamofireRequestExtensions.swift in Sources */,
				2C835F3122D3EE1200BA4F3E /* Article.swift in Sources */,
				2C835F3422D3F0A100BA4F3E /* DequeueReusable.swift in Sources */,
				2CF1837122D3DC98006E612D /* AppDelegate.swift in Sources */,
				2C835F2B22D3EBC500BA4F3E /* DetailViewController.swift in Sources */,
				2C835F1F22D3E97F00BA4F3E /* Utils.swift in Sources */,
				2C835F3822D3F10000BA4F3E /* UIResponderExtensions.swift in Sources */,
				2C835F3E22D3F9BA00BA4F3E /* NYError.swift in Sources */,
				2C835F2D22D3EC5B00BA4F3E /* ArticleTableViewCell.swift in Sources */,
				2C835F3A22D3F40500BA4F3E /* Requestable.swift in Sources */,
				2C835F2322D3EA8800BA4F3E /* ServiceManager.swift in Sources */,
				2C835F2F22D3ED6500BA4F3E /* MostViewedAPI.swift in Sources */,
			);
			runOnlyForDeploymentPostprocessing = 0;
		};
		2CF1837D22D3DC9A006E612D /* Sources */ = {
			isa = PBXSourcesBuildPhase;
			buildActionMask = 2147483647;
			files = (
				2CF1838622D3DC9A006E612D /* NYTimesTests.swift in Sources */,
			);
			runOnlyForDeploymentPostprocessing = 0;
		};
/* End PBXSourcesBuildPhase section */

/* Begin PBXTargetDependency section */
		2CF1838322D3DC9A006E612D /* PBXTargetDependency */ = {
			isa = PBXTargetDependency;
			target = 2CF1836C22D3DC98006E612D /* NYTimes */;
			targetProxy = 2CF1838222D3DC9A006E612D /* PBXContainerItemProxy */;
		};
/* End PBXTargetDependency section */

/* Begin PBXVariantGroup section */
		2C835F1622D3E5FD00BA4F3E /* LaunchScreen.storyboard */ = {
			isa = PBXVariantGroup;
			children = (
				2C835F1722D3E5FD00BA4F3E /* Base */,
			);
			name = LaunchScreen.storyboard;
			sourceTree = "<group>";
		};
		2C835F1822D3E5FD00BA4F3E /* Main.storyboard */ = {
			isa = PBXVariantGroup;
			children = (
				2C835F1922D3E5FD00BA4F3E /* Base */,
			);
			name = Main.storyboard;
			sourceTree = "<group>";
		};
/* End PBXVariantGroup section */

/* Begin XCBuildConfiguration section */
		2CF1838822D3DC9A006E612D /* Debug */ = {
			isa = XCBuildConfiguration;
			buildSettings = {
				ALWAYS_SEARCH_USER_PATHS = NO;
				CLANG_ANALYZER_NONNULL = YES;
				CLANG_ANALYZER_NUMBER_OBJECT_CONVERSION = YES_AGGRESSIVE;
				CLANG_CXX_LANGUAGE_STANDARD = "gnu++14";
				CLANG_CXX_LIBRARY = "libc++";
				CLANG_ENABLE_MODULES = YES;
				CLANG_ENABLE_OBJC_ARC = YES;
				CLANG_ENABLE_OBJC_WEAK = YES;
				CLANG_WARN_BLOCK_CAPTURE_AUTORELEASING = YES;
				CLANG_WARN_BOOL_CONVERSION = YES;
				CLANG_WARN_COMMA = YES;
				CLANG_WARN_CONSTANT_CONVERSION = YES;
				CLANG_WARN_DEPRECATED_OBJC_IMPLEMENTATIONS = YES;
				CLANG_WARN_DIRECT_OBJC_ISA_USAGE = YES_ERROR;
				CLANG_WARN_DOCUMENTATION_COMMENTS = YES;
				CLANG_WARN_EMPTY_BODY = YES;
				CLANG_WARN_ENUM_CONVERSION = YES;
				CLANG_WARN_INFINITE_RECURSION = YES;
				CLANG_WARN_INT_CONVERSION = YES;
				CLANG_WARN_NON_LITERAL_NULL_CONVERSION = YES;
				CLANG_WARN_OBJC_IMPLICIT_RETAIN_SELF = YES;
				CLANG_WARN_OBJC_LITERAL_CONVERSION = YES;
				CLANG_WARN_OBJC_ROOT_CLASS = YES_ERROR;
				CLANG_WARN_RANGE_LOOP_ANALYSIS = YES;
				CLANG_WARN_STRICT_PROTOTYPES = YES;
				CLANG_WARN_SUSPICIOUS_MOVE = YES;
				CLANG_WARN_UNGUARDED_AVAILABILITY = YES_AGGRESSIVE;
				CLANG_WARN_UNREACHABLE_CODE = YES;
				CLANG_WARN__DUPLICATE_METHOD_MATCH = YES;
				CODE_SIGN_IDENTITY = "iPhone Developer";
				COPY_PHASE_STRIP = NO;
				DEBUG_INFORMATION_FORMAT = dwarf;
				ENABLE_STRICT_OBJC_MSGSEND = YES;
				ENABLE_TESTABILITY = YES;
				GCC_C_LANGUAGE_STANDARD = gnu11;
				GCC_DYNAMIC_NO_PIC = NO;
				GCC_NO_COMMON_BLOCKS = YES;
				GCC_OPTIMIZATION_LEVEL = 0;
				GCC_PREPROCESSOR_DEFINITIONS = (
					"DEBUG=1",
					"$(inherited)",
				);
				GCC_WARN_64_TO_32_BIT_CONVERSION = YES;
				GCC_WARN_ABOUT_RETURN_TYPE = YES_ERROR;
				GCC_WARN_UNDECLARED_SELECTOR = YES;
				GCC_WARN_UNINITIALIZED_AUTOS = YES_AGGRESSIVE;
				GCC_WARN_UNUSED_FUNCTION = YES;
				GCC_WARN_UNUSED_VARIABLE = YES;
				IPHONEOS_DEPLOYMENT_TARGET = 12.2;
				MTL_ENABLE_DEBUG_INFO = INCLUDE_SOURCE;
				MTL_FAST_MATH = YES;
				ONLY_ACTIVE_ARCH = YES;
				SDKROOT = iphoneos;
				SWIFT_ACTIVE_COMPILATION_CONDITIONS = DEBUG;
				SWIFT_OPTIMIZATION_LEVEL = "-Onone";
			};
			name = Debug;
		};
		2CF1838922D3DC9A006E612D /* Release */ = {
			isa = XCBuildConfiguration;
			buildSettings = {
				ALWAYS_SEARCH_USER_PATHS = NO;
				CLANG_ANALYZER_NONNULL = YES;
				CLANG_ANALYZER_NUMBER_OBJECT_CONVERSION = YES_AGGRESSIVE;
				CLANG_CXX_LANGUAGE_STANDARD = "gnu++14";
				CLANG_CXX_LIBRARY = "libc++";
				CLANG_ENABLE_MODULES = YES;
				CLANG_ENABLE_OBJC_ARC = YES;
				CLANG_ENABLE_OBJC_WEAK = YES;
				CLANG_WARN_BLOCK_CAPTURE_AUTORELEASING = YES;
				CLANG_WARN_BOOL_CONVERSION = YES;
				CLANG_WARN_COMMA = YES;
				CLANG_WARN_CONSTANT_CONVERSION = YES;
				CLANG_WARN_DEPRECATED_OBJC_IMPLEMENTATIONS = YES;
				CLANG_WARN_DIRECT_OBJC_ISA_USAGE = YES_ERROR;
				CLANG_WARN_DOCUMENTATION_COMMENTS = YES;
				CLANG_WARN_EMPTY_BODY = YES;
				CLANG_WARN_ENUM_CONVERSION = YES;
				CLANG_WARN_INFINITE_RECURSION = YES;
				CLANG_WARN_INT_CONVERSION = YES;
				CLANG_WARN_NON_LITERAL_NULL_CONVERSION = YES;
				CLANG_WARN_OBJC_IMPLICIT_RETAIN_SELF = YES;
				CLANG_WARN_OBJC_LITERAL_CONVERSION = YES;
				CLANG_WARN_OBJC_ROOT_CLASS = YES_ERROR;
				CLANG_WARN_RANGE_LOOP_ANALYSIS = YES;
				CLANG_WARN_STRICT_PROTOTYPES = YES;
				CLANG_WARN_SUSPICIOUS_MOVE = YES;
				CLANG_WARN_UNGUARDED_AVAILABILITY = YES_AGGRESSIVE;
				CLANG_WARN_UNREACHABLE_CODE = YES;
				CLANG_WARN__DUPLICATE_METHOD_MATCH = YES;
				CODE_SIGN_IDENTITY = "iPhone Developer";
				COPY_PHASE_STRIP = NO;
				DEBUG_INFORMATION_FORMAT = "dwarf-with-dsym";
				ENABLE_NS_ASSERTIONS = NO;
				ENABLE_STRICT_OBJC_MSGSEND = YES;
				GCC_C_LANGUAGE_STANDARD = gnu11;
				GCC_NO_COMMON_BLOCKS = YES;
				GCC_WARN_64_TO_32_BIT_CONVERSION = YES;
				GCC_WARN_ABOUT_RETURN_TYPE = YES_ERROR;
				GCC_WARN_UNDECLARED_SELECTOR = YES;
				GCC_WARN_UNINITIALIZED_AUTOS = YES_AGGRESSIVE;
				GCC_WARN_UNUSED_FUNCTION = YES;
				GCC_WARN_UNUSED_VARIABLE = YES;
				IPHONEOS_DEPLOYMENT_TARGET = 12.2;
				MTL_ENABLE_DEBUG_INFO = NO;
				MTL_FAST_MATH = YES;
				SDKROOT = iphoneos;
				SWIFT_COMPILATION_MODE = wholemodule;
				SWIFT_OPTIMIZATION_LEVEL = "-O";
				VALIDATE_PRODUCT = YES;
			};
			name = Release;
		};
		2CF1838B22D3DC9A006E612D /* Debug */ = {
			isa = XCBuildConfiguration;
			baseConfigurationReference = A4382BE098616A6BD08E1265 /* Pods-NYTimes.debug.xcconfig */;
			buildSettings = {
				ASSETCATALOG_COMPILER_APPICON_NAME = AppIcon;
				CODE_SIGN_STYLE = Manual;
				DEVELOPMENT_TEAM = "";
				INFOPLIST_FILE = "NYTimes/Supporting Files/Info.plist";
				IPHONEOS_DEPLOYMENT_TARGET = 11;
				LD_RUNPATH_SEARCH_PATHS = (
					"$(inherited)",
					"@executable_path/Frameworks",
				);
				PRODUCT_BUNDLE_IDENTIFIER = com.sanu.NYTimes;
				PRODUCT_NAME = "$(TARGET_NAME)";
				PROVISIONING_PROFILE_SPECIFIER = "";
				SWIFT_VERSION = 5.0;
				TARGETED_DEVICE_FAMILY = "1,2";
			};
			name = Debug;
		};
		2CF1838C22D3DC9A006E612D /* Release */ = {
			isa = XCBuildConfiguration;
			baseConfigurationReference = 19157750A1F5C547EAEE5918 /* Pods-NYTimes.release.xcconfig */;
			buildSettings = {
				ASSETCATALOG_COMPILER_APPICON_NAME = AppIcon;
				CODE_SIGN_STYLE = Manual;
				DEVELOPMENT_TEAM = "";
				INFOPLIST_FILE = "NYTimes/Supporting Files/Info.plist";
				IPHONEOS_DEPLOYMENT_TARGET = 11;
				LD_RUNPATH_SEARCH_PATHS = (
					"$(inherited)",
					"@executable_path/Frameworks",
				);
				PRODUCT_BUNDLE_IDENTIFIER = com.sanu.NYTimes;
				PRODUCT_NAME = "$(TARGET_NAME)";
				PROVISIONING_PROFILE_SPECIFIER = "";
				SWIFT_VERSION = 5.0;
				TARGETED_DEVICE_FAMILY = "1,2";
			};
			name = Release;
		};
		2CF1838E22D3DC9A006E612D /* Debug */ = {
			isa = XCBuildConfiguration;
			baseConfigurationReference = A1B88EDC8E01927A8EA121C1 /* Pods-NYTimesTests.debug.xcconfig */;
			buildSettings = {
				ALWAYS_EMBED_SWIFT_STANDARD_LIBRARIES = YES;
				BUNDLE_LOADER = "$(TEST_HOST)";
				CODE_SIGN_STYLE = Automatic;
				INFOPLIST_FILE = NYTimesTests/Info.plist;
				LD_RUNPATH_SEARCH_PATHS = (
					"$(inherited)",
					"@executable_path/Frameworks",
					"@loader_path/Frameworks",
				);
				PRODUCT_BUNDLE_IDENTIFIER = com.sanu.NYTimesTests;
				PRODUCT_NAME = "$(TARGET_NAME)";
				SWIFT_VERSION = 5.0;
				TARGETED_DEVICE_FAMILY = "1,2";
				TEST_HOST = "$(BUILT_PRODUCTS_DIR)/NYTimes.app/NYTimes";
			};
			name = Debug;
		};
		2CF1838F22D3DC9A006E612D /* Release */ = {
			isa = XCBuildConfiguration;
			baseConfigurationReference = 8C4FDE571795769755052FD9 /* Pods-NYTimesTests.release.xcconfig */;
			buildSettings = {
				ALWAYS_EMBED_SWIFT_STANDARD_LIBRARIES = YES;
				BUNDLE_LOADER = "$(TEST_HOST)";
				CODE_SIGN_STYLE = Automatic;
				INFOPLIST_FILE = NYTimesTests/Info.plist;
				LD_RUNPATH_SEARCH_PATHS = (
					"$(inherited)",
					"@executable_path/Frameworks",
					"@loader_path/Frameworks",
				);
				PRODUCT_BUNDLE_IDENTIFIER = com.sanu.NYTimesTests;
				PRODUCT_NAME = "$(TARGET_NAME)";
				SWIFT_VERSION = 5.0;
				TARGETED_DEVICE_FAMILY = "1,2";
				TEST_HOST = "$(BUILT_PRODUCTS_DIR)/NYTimes.app/NYTimes";
			};
			name = Release;
		};
/* End XCBuildConfiguration section */

/* Begin XCConfigurationList section */
		2CF1836822D3DC98006E612D /* Build configuration list for PBXProject "NYTimes" */ = {
			isa = XCConfigurationList;
			buildConfigurations = (
				2CF1838822D3DC9A006E612D /* Debug */,
				2CF1838922D3DC9A006E612D /* Release */,
			);
			defaultConfigurationIsVisible = 0;
			defaultConfigurationName = Release;
		};
		2CF1838A22D3DC9A006E612D /* Build configuration list for PBXNativeTarget "NYTimes" */ = {
			isa = XCConfigurationList;
			buildConfigurations = (
				2CF1838B22D3DC9A006E612D /* Debug */,
				2CF1838C22D3DC9A006E612D /* Release */,
			);
			defaultConfigurationIsVisible = 0;
			defaultConfigurationName = Release;
		};
		2CF1838D22D3DC9A006E612D /* Build configuration list for PBXNativeTarget "NYTimesTests" */ = {
			isa = XCConfigurationList;
			buildConfigurations = (
				2CF1838E22D3DC9A006E612D /* Debug */,
				2CF1838F22D3DC9A006E612D /* Release */,
			);
			defaultConfigurationIsVisible = 0;
			defaultConfigurationName = Release;
		};
/* End XCConfigurationList section */
	};
	rootObject = 2CF1836522D3DC98006E612D /* Project object */;
}
