// !$*UTF8*$!
{
	archiveVersion = 1;
	classes = {
	};
	objectVersion = 50;
	objects = {

/* Begin PBXBuildFile section */
		2CF1837122D3DC98006E612D /* AppDelegate.swift in Sources */ = {isa = PBXBuildFile; fileRef = 2CF1837022D3DC98006E612D /* AppDelegate.swift */; };
		2CF1837322D3DC98006E612D /* ViewController.swift in Sources */ = {isa = PBXBuildFile; fileRef = 2CF1837222D3DC98006E612D /* ViewController.swift */; };
		2CF1837622D3DC98006E612D /* Main.storyboard in Resources */ = {isa = PBXBuildFile; fileRef = 2CF1837422D3DC98006E612D /* Main.storyboard */; };
		2CF1837822D3DC9A006E612D /* Assets.xcassets in Resources */ = {isa = PBXBuildFile; fileRef = 2CF1837722D3DC9A006E612D /* Assets.xcassets */; };
		2CF1837B22D3DC9A006E612D /* LaunchScreen.storyboard in Resources */ = {isa = PBXBuildFile; fileRef = 2CF1837922D3DC9A006E612D /* LaunchScreen.storyboard */; };
		2CF1838622D3DC9A006E612D /* NYTimesTests.swift in Sources */ = {isa = PBXBuildFile; fileRef = 2CF1838522D3DC9A006E612D /* NYTimesTests.swift */; };
		6C2853BDC0C908FEDF2E06C6 /* Pods_NYTimes.framework in Frameworks */ = {isa = PBXBuildFile; fileRef = E23254FC862832A3ACDA50D4 /* Pods_NYTimes.framework */; };
		780636957190B769F5CDDF57 /* Pods_NYTimesTests.framework in Frameworks */ = {isa = PBXBuildFile; fileRef = 6387FBAB74515E45FDBEDD8D /* Pods_NYTimesTests.framework */; };
/* End PBXBuildFile section */

/* Begin PBXContainerItemProxy section */
		2CF1838222D3DC9A006E612D /* PBXContainerItemProxy */ = {
			isa = PBXContainerItemProxy;
			containerPortal = 2CF1836522D3DC98006E612D /* Project object */;
			proxyType = 1;
			remoteGlobalIDString = 2CF1836C22D3DC98006E612D;
			remoteInfo = NYTimes;
		};
/* End PBXContainerItemProxy section */

/* Begin PBXFileReference section */
		19157750A1F5C547EAEE5918 /* Pods-NYTimes.release.xcconfig */ = {isa = PBXFileReference; includeInIndex = 1; lastKnownFileType = text.xcconfig; name = "Pods-NYTimes.release.xcconfig"; path = "Target Support Files/Pods-NYTimes/Pods-NYTimes.release.xcconfig"; sourceTree = "<group>"; };
		2CF1836D22D3DC98006E612D /* NYTimes.app */ = {isa = PBXFileReference; explicitFileType = wrapper.application; includeInIndex = 0; path = NYTimes.app; sourceTree = BUILT_PRODUCTS_DIR; };
		2CF1837022D3DC98006E612D /* AppDelegate.swift */ = {isa = PBXFileReference; lastKnownFileType = sourcecode.swift; path = AppDelegate.swift; sourceTree = "<group>"; };
		2CF1837222D3DC98006E612D /* ViewController.swift */ = {isa = PBXFileReference; lastKnownFileType = sourcecode.swift; path = ViewController.swift; sourceTree = "<group>"; };
		2CF1837522D3DC98006E612D /* Base */ = {isa = PBXFileReference; lastKnownFileType = file.storyboard; name = Base; path = Base.lproj/Main.storyboard; sourceTree = "<group>"; };
		2CF1837722D3DC9A006E612D /* Assets.xcassets */ = {isa = PBXFileReference; lastKnownFileType = folder.assetcatalog; path = Assets.xcassets; sourceTree = "<group>"; };
		2CF1837A22D3DC9A006E612D /* Base */ = {isa = PBXFileReference; lastKnownFileType = file.storyboard; name = Base; path = Base.lproj/LaunchScreen.storyboard; sourceTree = "<group>"; };
		2CF1837C22D3DC9A006E612D /* Info.plist */ = {isa = PBXFileReference; lastKnownFileType = text.plist.xml; path = Info.plist; sourceTree = "<group>"; };
		2CF1838122D3DC9A006E612D /* NYTimesTests.xctest */ = {isa = PBXFileReference; explicitFileType = wrapper.cfbundle; includeInIndex = 0; path = NYTimesTests.xctest; sourceTree = BUILT_PRODUCTS_DIR; };
		2CF1838522D3DC9A006E612D /* NYTimesTests.swift */ = {isa = PBXFileReference; lastKnownFileType = sourcecode.swift; path = NYTimesTests.swift; sourceTree = "<group>"; };
		2CF1838722D3DC9A006E612D /* Info.plist */ = {isa = PBXFileReference; lastKnownFileType = text.plist.xml; path = Info.plist; sourceTree = "<group>"; };
		6387FBAB74515E45FDBEDD8D /* Pods_NYTimesTests.framework */ = {isa = PBXFileReference; explicitFileType = wrapper.framework; includeInIndex = 0; path = Pods_NYTimesTests.framework; sourceTree = BUILT_PRODUCTS_DIR; };
		8C4FDE571795769755052FD9 /* Pods-NYTimesTests.release.xcconfig */ = {isa = PBXFileReference; includeInIndex = 1; lastKnownFileType = text.xcconfig; name = "Pods-NYTimesTests.release.xcconfig"; path = "Target Support Files/Pods-NYTimesTests/Pods-NYTimesTests.release.xcconfig"; sourceTree = "<group>"; };
		A1B88EDC8E01927A8EA121C1 /* Pods-NYTimesTests.debug.xcconfig */ = {isa = PBXFileReference; includeInIndex = 1; lastKnownFileType = text.xcconfig; name = "Pods-NYTimesTests.debug.xcconfig"; path = "Target Support Files/Pods-NYTimesTests/Pods-NYTimesTests.debug.xcconfig"; sourceTree = "<group>"; };
		A4382BE098616A6BD08E1265 /* Pods-NYTimes.debug.xcconfig */ = {isa = PBXFileReference; includeInIndex = 1; lastKnownFileType = text.xcconfig; name = "Pods-NYTimes.debug.xcconfig"; path = "Target Support Files/Pods-NYTimes/Pods-NYTimes.debug.xcconfig"; sourceTree = "<group>"; };
		E23254FC862832A3ACDA50D4 /* Pods_NYTimes.framework */ = {isa = PBXFileReference; explicitFileType = wrapper.framework; includeInIndex = 0; path = Pods_NYTimes.framework; sourceTree = BUILT_PRODUCTS_DIR; };
/* End PBXFileReference section */

/* Begin PBXFrameworksBuildPhase section */
		2CF1836A22D3DC98006E612D /* Frameworks */ = {
			isa = PBXFrameworksBuildPhase;
			buildActionMask = 2147483647;
			files = (
				6C2853BDC0C908FEDF2E06C6 /* Pods_NYTimes.framework in Frameworks */,
			);
			runOnlyForDeploymentPostprocessing = 0;
		};
		2CF1837E22D3DC9A006E612D /* Frameworks */ = {
			isa = PBXFrameworksBuildPhase;
			buildActionMask = 2147483647;
			files = (
				780636957190B769F5CDDF57 /* Pods_NYTimesTests.framework in Frameworks */,
			);
			runOnlyForDeploymentPostprocessing = 0;
		};
/* End PBXFrameworksBuildPhase section */

/* Begin PBXGroup section */
		2CF1836422D3DC98006E612D = {
			isa = PBXGroup;
			children = (
				2CF1836F22D3DC98006E612D /* NYTimes */,
				2CF1838422D3DC9A006E612D /* NYTimesTests */,
				2CF1836E22D3DC98006E612D /* Products */,
				DB820A8FC7AA192382521C5B /* Pods */,
				36C98784087CEF2E666F0C7A /* Frameworks */,
			);
			sourceTree = "<group>";
		};
		2CF1836E22D3DC98006E612D /* Products */ = {
			isa = PBXGroup;
			children = (
				2CF1836D22D3DC98006E612D /* NYTimes.app */,
				2CF1838122D3DC9A006E612D /* NYTimesTests.xctest */,
			);
			name = Products;
			sourceTree = "<group>";
		};
		2CF1836F22D3DC98006E612D /* NYTimes */ = {
			isa = PBXGroup;
			children = (
				2CF1837022D3DC98006E612D /* AppDelegate.swift */,
				2CF1837222D3DC98006E612D /* ViewController.swift */,
				2CF1837422D3DC98006E612D /* Main.storyboard */,
				2CF1837722D3DC9A006E612D /* Assets.xcassets */,
				2CF1837922D3DC9A006E612D /* LaunchScreen.storyboard */,
				2CF1837C22D3DC9A006E612D /* Info.plist */,
			);
			path = NYTimes;
			sourceTree = "<group>";
		};
		2CF1838422D3DC9A006E612D /* NYTimesTests */ = {
			isa = PBXGroup;
			children = (
				2CF1838522D3DC9A006E612D /* NYTimesTests.swift */,
				2CF1838722D3DC9A006E612D /* Info.plist */,
			);
			path = NYTimesTests;
			sourceTree = "<group>";
		};
		36C98784087CEF2E666F0C7A /* Frameworks */ = {
			isa = PBXGroup;
			children = (
				E23254FC862832A3ACDA50D4 /* Pods_NYTimes.framework */,
				6387FBAB74515E45FDBEDD8D /* Pods_NYTimesTests.framework */,
			);
			name = Frameworks;
			sourceTree = "<group>";
		};
		DB820A8FC7AA192382521C5B /* Pods */ = {
			isa = PBXGroup;
			children = (
				A4382BE098616A6BD08E1265 /* Pods-NYTimes.debug.xcconfig */,
				19157750A1F5C547EAEE5918 /* Pods-NYTimes.release.xcconfig */,
				A1B88EDC8E01927A8EA121C1 /* Pods-NYTimesTests.debug.xcconfig */,
				8C4FDE571795769755052FD9 /* Pods-NYTimesTests.release.xcconfig */,
			);
			name = Pods;
			path = Pods;
			sourceTree = "<group>";
		};
/* End PBXGroup section */

/* Begin PBXNativeTarget section */
		2CF1836C22D3DC98006E612D /* NYTimes */ = {
			isa = PBXNativeTarget;
			buildConfigurationList = 2CF1838A22D3DC9A006E612D /* Build configuration list for PBXNativeTarget "NYTimes" */;
			buildPhases = (
				C3502140B83D9E763DBF3B01 /* [CP] Check Pods Manifest.lock */,
				2CF1836922D3DC98006E612D /* Sources */,
				2CF1836A22D3DC98006E612D /* Frameworks */,
				2CF1836B22D3DC98006E612D /* Resources */,
				BA03A0E47663B4B056A37F0F /* [CP] Embed Pods Frameworks */,
			);
			buildRules = (
			);
			dependencies = (
			);
			name = NYTimes;
			productName = NYTimes;
			productReference = 2CF1836D22D3DC98006E612D /* NYTimes.app */;
			productType = "com.apple.product-type.application";
		};
		2CF1838022D3DC9A006E612D /* NYTimesTests */ = {
			isa = PBXNativeTarget;
			buildConfigurationList = 2CF1838D22D3DC9A006E612D /* Build configuration list for PBXNativeTarget "NYTimesTests" */;
			buildPhases = (
				6219A94180DF269B1C47A575 /* [CP] Check Pods Manifest.lock */,
				2CF1837D22D3DC9A006E612D /* Sources */,
				2CF1837E22D3DC9A006E612D /* Frameworks */,
				2CF1837F22D3DC9A006E612D /* Resources */,
			);
			buildRules = (
			);
			dependencies = (
				2CF1838322D3DC9A006E612D /* PBXTargetDependency */,
			);
			name = NYTimesTests;
			productName = NYTimesTests;
			productReference = 2CF1838122D3DC9A006E612D /* NYTimesTests.xctest */;
			productType = "com.apple.product-type.bundle.unit-test";
		};
/* End PBXNativeTarget section */

/* Begin PBXProject section */
		2CF1836522D3DC98006E612D /* Project object */ = {
			isa = PBXProject;
			attributes = {
				LastSwiftUpdateCheck = 1020;
				LastUpgradeCheck = 1020;
				ORGANIZATIONNAME = Sanu;
				TargetAttributes = {
					2CF1836C22D3DC98006E612D = {
						CreatedOnToolsVersion = 10.2.1;
					};
					2CF1838022D3DC9A006E612D = {
						CreatedOnToolsVersion = 10.2.1;
						TestTargetID = 2CF1836C22D3DC98006E612D;
					};
				};
			};
			buildConfigurationList = 2CF1836822D3DC98006E612D /* Build configuration list for PBXProject "NYTimes" */;
			compatibilityVersion = "Xcode 9.3";
			developmentRegion = en;
			hasScannedForEncodings = 0;
			knownRegions = (
				en,
				Base,
			);
			mainGroup = 2CF1836422D3DC98006E612D;
			productRefGroup = 2CF1836E22D3DC98006E612D /* Products */;
			projectDirPath = "";
			projectRoot = "";
			targets = (
				2CF1836C22D3DC98006E612D /* NYTimes */,
				2CF1838022D3DC9A006E612D /* NYTimesTests */,
			);
		};
/* End PBXProject section */

/* Begin PBXResourcesBuildPhase section */
		2CF1836B22D3DC98006E612D /* Resources */ = {
			isa = PBXResourcesBuildPhase;
			buildActionMask = 2147483647;
			files = (
				2CF1837B22D3DC9A006E612D /* LaunchScreen.storyboard in Resources */,
				2CF1837822D3DC9A006E612D /* Assets.xcassets in Resources */,
				2CF1837622D3DC98006E612D /* Main.storyboard in Resources */,
			);
			runOnlyForDeploymentPostprocessing = 0;
		};
		2CF1837F22D3DC9A006E612D /* Resources */ = {
			isa = PBXResourcesBuildPhase;
			buildActionMask = 2147483647;
			files = (
			);
			runOnlyForDeploymentPostprocessing = 0;
		};
/* End PBXResourcesBuildPhase section */

/* Begin PBXShellScriptBuildPhase section */
		6219A94180DF269B1C47A575 /* [CP] Check Pods Manifest.lock */ = {
			isa = PBXShellScriptBuildPhase;
			buildActionMask = 2147483647;
			files = (
			);
			inputFileListPaths = (
			);
			inputPaths = (
				"${PODS_PODFILE_DIR_PATH}/Podfile.lock",
				"${PODS_ROOT}/Manifest.lock",
			);
			name = "[CP] Check Pods Manifest.lock";
			outputFileListPaths = (
			);
			outputPaths = (
				"$(DERIVED_FILE_DIR)/Pods-NYTimesTests-checkManifestLockResult.txt",
			);
			runOnlyForDeploymentPostprocessing = 0;
			shellPath = /bin/sh;
			shellScript = "diff \"${PODS_PODFILE_DIR_PATH}/Podfile.lock\" \"${PODS_ROOT}/Manifest.lock\" > /dev/null\nif [ $? != 0 ] ; then\n    # print error to STDERR\n    echo \"error: The sandbox is not in sync with the Podfile.lock. Run 'pod install' or update your CocoaPods installation.\" >&2\n    exit 1\nfi\n# This output is used by Xcode 'outputs' to avoid re-running this script phase.\necho \"SUCCESS\" > \"${SCRIPT_OUTPUT_FILE_0}\"\n";
			showEnvVarsInLog = 0;
		};
		BA03A0E47663B4B056A37F0F /* [CP] Embed Pods Frameworks */ = {
			isa = PBXShellScriptBuildPhase;
			buildActionMask = 2147483647;
			files = (
			);
			inputFileListPaths = (
				"${PODS_ROOT}/Target Support Files/Pods-NYTimes/Pods-NYTimes-frameworks-${CONFIGURATION}-input-files.xcfilelist",
			);
			name = "[CP] Embed Pods Frameworks";
			outputFileListPaths = (
				"${PODS_ROOT}/Target Support Files/Pods-NYTimes/Pods-NYTimes-frameworks-${CONFIGURATION}-output-files.xcfilelist",
			);
			runOnlyForDeploymentPostprocessing = 0;
			shellPath = /bin/sh;
			shellScript = "\"${PODS_ROOT}/Target Support Files/Pods-NYTimes/Pods-NYTimes-frameworks.sh\"\n";
			showEnvVarsInLog = 0;
		};
		C3502140B83D9E763DBF3B01 /* [CP] Check Pods Manifest.lock */ = {
			isa = PBXShellScriptBuildPhase;
			buildActionMask = 2147483647;
			files = (
			);
			inputFileListPaths = (
			);
			inputPaths = (
				"${PODS_PODFILE_DIR_PATH}/Podfile.lock",
				"${PODS_ROOT}/Manifest.lock",
			);
			name = "[CP] Check Pods Manifest.lock";
			outputFileListPaths = (
			);
			outputPaths = (
				"$(DERIVED_FILE_DIR)/Pods-NYTimes-checkManifestLockResult.txt",
			);
			runOnlyForDeploymentPostprocessing = 0;
			shellPath = /bin/sh;
			shellScript = "diff \"${PODS_PODFILE_DIR_PATH}/Podfile.lock\" \"${PODS_ROOT}/Manifest.lock\" > /dev/null\nif [ $? != 0 ] ; then\n    # print error to STDERR\n    echo \"error: The sandbox is not in sync with the Podfile.lock. Run 'pod install' or update your CocoaPods installation.\" >&2\n    exit 1\nfi\n# This output is used by Xcode 'outputs' to avoid re-running this script phase.\necho \"SUCCESS\" > \"${SCRIPT_OUTPUT_FILE_0}\"\n";
			showEnvVarsInLog = 0;
		};
/* End PBXShellScriptBuildPhase section */

/* Begin PBXSourcesBuildPhase section */
		2CF1836922D3DC98006E612D /* Sources */ = {
			isa = PBXSourcesBuildPhase;
			buildActionMask = 2147483647;
			files = (
				2CF1837322D3DC98006E612D /* ViewController.swift in Sources */,
				2CF1837122D3DC98006E612D /* AppDelegate.swift in Sources */,
			);
			runOnlyForDeploymentPostprocessing = 0;
		};
		2CF1837D22D3DC9A006E612D /* Sources */ = {
			isa = PBXSourcesBuildPhase;
			buildActionMask = 2147483647;
			files = (
				2CF1838622D3DC9A006E612D /* NYTimesTests.swift in Sources */,
			);
			runOnlyForDeploymentPostprocessing = 0;
		};
/* End PBXSourcesBuildPhase section */

/* Begin PBXTargetDependency section */
		2CF1838322D3DC9A006E612D /* PBXTargetDependency */ = {
			isa = PBXTargetDependency;
			target = 2CF1836C22D3DC98006E612D /* NYTimes */;
			targetProxy = 2CF1838222D3DC9A006E612D /* PBXContainerItemProxy */;
		};
/* End PBXTargetDependency section */

/* Begin PBXVariantGroup section */
		2CF1837422D3DC98006E612D /* Main.storyboard */ = {
			isa = PBXVariantGroup;
			children = (
				2CF1837522D3DC98006E612D /* Base */,
			);
			name = Main.storyboard;
			sourceTree = "<group>";
		};
		2CF1837922D3DC9A006E612D /* LaunchScreen.storyboard */ = {
			isa = PBXVariantGroup;
			children = (
				2CF1837A22D3DC9A006E612D /* Base */,
			);
			name = LaunchScreen.storyboard;
			sourceTree = "<group>";
		};
/* End PBXVariantGroup section */

/* Begin XCBuildConfiguration section */
		2CF1838822D3DC9A006E612D /* Debug */ = {
			isa = XCBuildConfiguration;
			buildSettings = {
				ALWAYS_SEARCH_USER_PATHS = NO;
				CLANG_ANALYZER_NONNULL = YES;
				CLANG_ANALYZER_NUMBER_OBJECT_CONVERSION = YES_AGGRESSIVE;
				CLANG_CXX_LANGUAGE_STANDARD = "gnu++14";
				CLANG_CXX_LIBRARY = "libc++";
				CLANG_ENABLE_MODULES = YES;
				CLANG_ENABLE_OBJC_ARC = YES;
				CLANG_ENABLE_OBJC_WEAK = YES;
				CLANG_WARN_BLOCK_CAPTURE_AUTORELEASING = YES;
				CLANG_WARN_BOOL_CONVERSION = YES;
				CLANG_WARN_COMMA = YES;
				CLANG_WARN_CONSTANT_CONVERSION = YES;
				CLANG_WARN_DEPRECATED_OBJC_IMPLEMENTATIONS = YES;
				CLANG_WARN_DIRECT_OBJC_ISA_USAGE = YES_ERROR;
				CLANG_WARN_DOCUMENTATION_COMMENTS = YES;
				CLANG_WARN_EMPTY_BODY = YES;
				CLANG_WARN_ENUM_CONVERSION = YES;
				CLANG_WARN_INFINITE_RECURSION = YES;
				CLANG_WARN_INT_CONVERSION = YES;
				CLANG_WARN_NON_LITERAL_NULL_CONVERSION = YES;
				CLANG_WARN_OBJC_IMPLICIT_RETAIN_SELF = YES;
				CLANG_WARN_OBJC_LITERAL_CONVERSION = YES;
				CLANG_WARN_OBJC_ROOT_CLASS = YES_ERROR;
				CLANG_WARN_RANGE_LOOP_ANALYSIS = YES;
				CLANG_WARN_STRICT_PROTOTYPES = YES;
				CLANG_WARN_SUSPICIOUS_MOVE = YES;
				CLANG_WARN_UNGUARDED_AVAILABILITY = YES_AGGRESSIVE;
				CLANG_WARN_UNREACHABLE_CODE = YES;
				CLANG_WARN__DUPLICATE_METHOD_MATCH = YES;
				CODE_SIGN_IDENTITY = "iPhone Developer";
				COPY_PHASE_STRIP = NO;
				DEBUG_INFORMATION_FORMAT = dwarf;
				ENABLE_STRICT_OBJC_MSGSEND = YES;
				ENABLE_TESTABILITY = YES;
				GCC_C_LANGUAGE_STANDARD = gnu11;
				GCC_DYNAMIC_NO_PIC = NO;
				GCC_NO_COMMON_BLOCKS = YES;
				GCC_OPTIMIZATION_LEVEL = 0;
				GCC_PREPROCESSOR_DEFINITIONS = (
					"DEBUG=1",
					"$(inherited)",
				);
				GCC_WARN_64_TO_32_BIT_CONVERSION = YES;
				GCC_WARN_ABOUT_RETURN_TYPE = YES_ERROR;
				GCC_WARN_UNDECLARED_SELECTOR = YES;
				GCC_WARN_UNINITIALIZED_AUTOS = YES_AGGRESSIVE;
				GCC_WARN_UNUSED_FUNCTION = YES;
				GCC_WARN_UNUSED_VARIABLE = YES;
				IPHONEOS_DEPLOYMENT_TARGET = 12.2;
				MTL_ENABLE_DEBUG_INFO = INCLUDE_SOURCE;
				MTL_FAST_MATH = YES;
				ONLY_ACTIVE_ARCH = YES;
				SDKROOT = iphoneos;
				SWIFT_ACTIVE_COMPILATION_CONDITIONS = DEBUG;
				SWIFT_OPTIMIZATION_LEVEL = "-Onone";
			};
			name = Debug;
		};
		2CF1838922D3DC9A006E612D /* Release */ = {
			isa = XCBuildConfiguration;
			buildSettings = {
				ALWAYS_SEARCH_USER_PATHS = NO;
				CLANG_ANALYZER_NONNULL = YES;
				CLANG_ANALYZER_NUMBER_OBJECT_CONVERSION = YES_AGGRESSIVE;
				CLANG_CXX_LANGUAGE_STANDARD = "gnu++14";
				CLANG_CXX_LIBRARY = "libc++";
				CLANG_ENABLE_MODULES = YES;
				CLANG_ENABLE_OBJC_ARC = YES;
				CLANG_ENABLE_OBJC_WEAK = YES;
				CLANG_WARN_BLOCK_CAPTURE_AUTORELEASING = YES;
				CLANG_WARN_BOOL_CONVERSION = YES;
				CLANG_WARN_COMMA = YES;
				CLANG_WARN_CONSTANT_CONVERSION = YES;
				CLANG_WARN_DEPRECATED_OBJC_IMPLEMENTATIONS = YES;
				CLANG_WARN_DIRECT_OBJC_ISA_USAGE = YES_ERROR;
				CLANG_WARN_DOCUMENTATION_COMMENTS = YES;
				CLANG_WARN_EMPTY_BODY = YES;
				CLANG_WARN_ENUM_CONVERSION = YES;
				CLANG_WARN_INFINITE_RECURSION = YES;
				CLANG_WARN_INT_CONVERSION = YES;
				CLANG_WARN_NON_LITERAL_NULL_CONVERSION = YES;
				CLANG_WARN_OBJC_IMPLICIT_RETAIN_SELF = YES;
				CLANG_WARN_OBJC_LITERAL_CONVERSION = YES;
				CLANG_WARN_OBJC_ROOT_CLASS = YES_ERROR;
				CLANG_WARN_RANGE_LOOP_ANALYSIS = YES;
				CLANG_WARN_STRICT_PROTOTYPES = YES;
				CLANG_WARN_SUSPICIOUS_MOVE = YES;
				CLANG_WARN_UNGUARDED_AVAILABILITY = YES_AGGRESSIVE;
				CLANG_WARN_UNREACHABLE_CODE = YES;
				CLANG_WARN__DUPLICATE_METHOD_MATCH = YES;
				CODE_SIGN_IDENTITY = "iPhone Developer";
				COPY_PHASE_STRIP = NO;
				DEBUG_INFORMATION_FORMAT = "dwarf-with-dsym";
				ENABLE_NS_ASSERTIONS = NO;
				ENABLE_STRICT_OBJC_MSGSEND = YES;
				GCC_C_LANGUAGE_STANDARD = gnu11;
				GCC_NO_COMMON_BLOCKS = YES;
				GCC_WARN_64_TO_32_BIT_CONVERSION = YES;
				GCC_WARN_ABOUT_RETURN_TYPE = YES_ERROR;
				GCC_WARN_UNDECLARED_SELECTOR = YES;
				GCC_WARN_UNINITIALIZED_AUTOS = YES_AGGRESSIVE;
				GCC_WARN_UNUSED_FUNCTION = YES;
				GCC_WARN_UNUSED_VARIABLE = YES;
				IPHONEOS_DEPLOYMENT_TARGET = 12.2;
				MTL_ENABLE_DEBUG_INFO = NO;
				MTL_FAST_MATH = YES;
				SDKROOT = iphoneos;
				SWIFT_COMPILATION_MODE = wholemodule;
				SWIFT_OPTIMIZATION_LEVEL = "-O";
				VALIDATE_PRODUCT = YES;
			};
			name = Release;
		};
		2CF1838B22D3DC9A006E612D /* Debug */ = {
			isa = XCBuildConfiguration;
			baseConfigurationReference = A4382BE098616A6BD08E1265 /* Pods-NYTimes.debug.xcconfig */;
			buildSettings = {
				ASSETCATALOG_COMPILER_APPICON_NAME = AppIcon;
				CODE_SIGN_STYLE = Manual;
				DEVELOPMENT_TEAM = "";
				INFOPLIST_FILE = NYTimes/Info.plist;
				LD_RUNPATH_SEARCH_PATHS = (
					"$(inherited)",
					"@executable_path/Frameworks",
				);
				PRODUCT_BUNDLE_IDENTIFIER = com.sanu.NYTimes;
				PRODUCT_NAME = "$(TARGET_NAME)";
				PROVISIONING_PROFILE_SPECIFIER = "";
				SWIFT_VERSION = 5.0;
				TARGETED_DEVICE_FAMILY = "1,2";
			};
			name = Debug;
		};
		2CF1838C22D3DC9A006E612D /* Release */ = {
			isa = XCBuildConfiguration;
			baseConfigurationReference = 19157750A1F5C547EAEE5918 /* Pods-NYTimes.release.xcconfig */;
			buildSettings = {
				ASSETCATALOG_COMPILER_APPICON_NAME = AppIcon;
				CODE_SIGN_STYLE = Manual;
				DEVELOPMENT_TEAM = "";
				INFOPLIST_FILE = NYTimes/Info.plist;
				LD_RUNPATH_SEARCH_PATHS = (
					"$(inherited)",
					"@executable_path/Frameworks",
				);
				PRODUCT_BUNDLE_IDENTIFIER = com.sanu.NYTimes;
				PRODUCT_NAME = "$(TARGET_NAME)";
				PROVISIONING_PROFILE_SPECIFIER = "";
				SWIFT_VERSION = 5.0;
				TARGETED_DEVICE_FAMILY = "1,2";
			};
			name = Release;
		};
		2CF1838E22D3DC9A006E612D /* Debug */ = {
			isa = XCBuildConfiguration;
			baseConfigurationReference = A1B88EDC8E01927A8EA121C1 /* Pods-NYTimesTests.debug.xcconfig */;
			buildSettings = {
				ALWAYS_EMBED_SWIFT_STANDARD_LIBRARIES = YES;
				BUNDLE_LOADER = "$(TEST_HOST)";
				CODE_SIGN_STYLE = Automatic;
				INFOPLIST_FILE = NYTimesTests/Info.plist;
				LD_RUNPATH_SEARCH_PATHS = (
					"$(inherited)",
					"@executable_path/Frameworks",
					"@loader_path/Frameworks",
				);
				PRODUCT_BUNDLE_IDENTIFIER = com.sanu.NYTimesTests;
				PRODUCT_NAME = "$(TARGET_NAME)";
				SWIFT_VERSION = 5.0;
				TARGETED_DEVICE_FAMILY = "1,2";
				TEST_HOST = "$(BUILT_PRODUCTS_DIR)/NYTimes.app/NYTimes";
			};
			name = Debug;
		};
		2CF1838F22D3DC9A006E612D /* Release */ = {
			isa = XCBuildConfiguration;
			baseConfigurationReference = 8C4FDE571795769755052FD9 /* Pods-NYTimesTests.release.xcconfig */;
			buildSettings = {
				ALWAYS_EMBED_SWIFT_STANDARD_LIBRARIES = YES;
				BUNDLE_LOADER = "$(TEST_HOST)";
				CODE_SIGN_STYLE = Automatic;
				INFOPLIST_FILE = NYTimesTests/Info.plist;
				LD_RUNPATH_SEARCH_PATHS = (
					"$(inherited)",
					"@executable_path/Frameworks",
					"@loader_path/Frameworks",
				);
				PRODUCT_BUNDLE_IDENTIFIER = com.sanu.NYTimesTests;
				PRODUCT_NAME = "$(TARGET_NAME)";
				SWIFT_VERSION = 5.0;
				TARGETED_DEVICE_FAMILY = "1,2";
				TEST_HOST = "$(BUILT_PRODUCTS_DIR)/NYTimes.app/NYTimes";
			};
			name = Release;
		};
/* End XCBuildConfiguration section */

/* Begin XCConfigurationList section */
		2CF1836822D3DC98006E612D /* Build configuration list for PBXProject "NYTimes" */ = {
			isa = XCConfigurationList;
			buildConfigurations = (
				2CF1838822D3DC9A006E612D /* Debug */,
				2CF1838922D3DC9A006E612D /* Release */,
			);
			defaultConfigurationIsVisible = 0;
			defaultConfigurationName = Release;
		};
		2CF1838A22D3DC9A006E612D /* Build configuration list for PBXNativeTarget "NYTimes" */ = {
			isa = XCConfigurationList;
			buildConfigurations = (
				2CF1838B22D3DC9A006E612D /* Debug */,
				2CF1838C22D3DC9A006E612D /* Release */,
			);
			defaultConfigurationIsVisible = 0;
			defaultConfigurationName = Release;
		};
		2CF1838D22D3DC9A006E612D /* Build configuration list for PBXNativeTarget "NYTimesTests" */ = {
			isa = XCConfigurationList;
			buildConfigurations = (
				2CF1838E22D3DC9A006E612D /* Debug */,
				2CF1838F22D3DC9A006E612D /* Release */,
			);
			defaultConfigurationIsVisible = 0;
			defaultConfigurationName = Release;
		};
/* End XCConfigurationList section */
	};
	rootObject = 2CF1836522D3DC98006E612D /* Project object */;
}
